
Microsoft Visual Studio Solution File, Format Version 12.00
# Visual Studio Version 17
VisualStudioVersion = 17.14.37411.7
MinimumVisualStudioVersion = 10.0.40219.1
Project("{FAE04EC0-301F-11D3-BF4B-00C04F79EFBC}") = "June2026.Dapper", "June2026.Dapper\June2026.Dapper.csproj", "{912DEAA8-66CB-4AE1-8389-43B3AECED70B}"
EndProject
Project("{FAE04EC0-301F-11D3-BF4B-00C04F79EFBC}") = "June2026.SQLInjection", "June2026.SQLInjection\June2026.SQLInjection.csproj", "{DF839F5A-3AD9-4CCF-A2F8-289B8A94C380}"
EndProject
Project("{FAE04EC0-301F-11D3-BF4B-00C04F79EFBC}") = "June2026.AdoDotNet", "June2026.AdoDotNet\June2026.AdoDotNet.csproj", "{9D78C76B-DD2A-1EDC-4407-49E5772E5437}"
EndProject
Project("{FAE04EC0-301F-11D3-BF4B-00C04F79EFBC}") = "June2026.EFCore.ModelFirst", "June2026.EFCore.ModelFirst\June2026.EFCore.ModelFirst.csproj", "{FB59D889-055C-4E53-BF25-E6AA65CB6E3B}"
EndProject
Project("{FAE04EC0-301F-11D3-BF4B-00C04F79EFBC}") = "June2026.AttendanceTrackingSystemDB", "June2026.AttendanceTrackingSystemDB\June2026.AttendanceTrackingSystemDB.csproj", "{6A0E0C36-E796-4582-AB6D-F0219E477720}"
EndProject
Project("{FAE04EC0-301F-11D3-BF4B-00C04F79EFBC}") = "June2026.EFCore.DatabaseFirst", "June2026.EFCore.DatabaseFirst\June2026.EFCore.DatabaseFirst.csproj", "{74BD660D-60D4-41F1-978F-6DC90E19EBE0}"
EndProject
Project("{FAE04EC0-301F-11D3-BF4B-00C04F79EFBC}") = "June2026.EFCoreAssignment", "June2026.EFCoreAssignment\June2026.EFCoreAssignment.csproj", "{BAD74DE1-4D83-44B8-821D-E29CAA3F28DD}"
EndProject
Project("{FAE04EC0-301F-11D3-BF4B-00C04F79EFBC}") = "June2026.EFCoreAssignmentDB", "June2026.EFCoreAssignmentDB\June2026.EFCoreAssignmentDB.csproj", "{7028D2E1-4381-41F3-99F1-B125E2B58E1F}"
EndProject
Global
	GlobalSection(SolutionConfigurationPlatforms) = preSolution
		Debug|Any CPU = Debug|Any CPU
		Release|Any CPU = Release|Any CPU
	EndGlobalSection
	GlobalSection(ProjectConfigurationPlatforms) = postSolution
		{912DEAA8-66CB-4AE1-8389-43B3AECED70B}.Debug|Any CPU.ActiveCfg = Debug|Any CPU
		{912DEAA8-66CB-4AE1-8389-43B3AECED70B}.Debug|Any CPU.Build.0 = Debug|Any CPU
		{912DEAA8-66CB-4AE1-8389-43B3AECED70B}.Release|Any CPU.ActiveCfg = Release|Any CPU
		{912DEAA8-66CB-4AE1-8389-43B3AECED70B}.Release|Any CPU.Build.0 = Release|Any CPU
		{DF839F5A-3AD9-4CCF-A2F8-289B8A94C380}.Debug|Any CPU.ActiveCfg = Debug|Any CPU
		{DF839F5A-3AD9-4CCF-A2F8-289B8A94C380}.Debug|Any CPU.Build.0 = Debug|Any CPU
		{DF839F5A-3AD9-4CCF-A2F8-289B8A94C380}.Release|Any CPU.ActiveCfg = Release|Any CPU
		{DF839F5A-3AD9-4CCF-A2F8-289B8A94C380}.Release|Any CPU.Build.0 = Release|Any CPU
		{9D78C76B-DD2A-1EDC-4407-49E5772E5437}.Debug|Any CPU.ActiveCfg = Debug|Any CPU
		{9D78C76B-DD2A-1EDC-4407-49E5772E5437}.Debug|Any CPU.Build.0 = Debug|Any CPU
		{9D78C76B-DD2A-1EDC-4407-49E5772E5437}.Release|Any CPU.ActiveCfg = Release|Any CPU
		{9D78C76B-DD2A-1EDC-4407-49E5772E5437}.Release|Any CPU.Build.0 = Release|Any CPU
		{FB59D889-055C-4E53-BF25-E6AA65CB6E3B}.Debug|Any CPU.ActiveCfg = Debug|Any CPU
		{FB59D889-055C-4E53-BF25-E6AA65CB6E3B}.Debug|Any CPU.Build.0 = Debug|Any CPU
		{FB59D889-055C-4E53-BF25-E6AA65CB6E3B}.Release|Any CPU.ActiveCfg = Release|Any CPU
		{FB59D889-055C-4E53-BF25-E6AA65CB6E3B}.Release|Any CPU.Build.0 = Release|Any CPU
		{6A0E0C36-E796-4582-AB6D-F0219E477720}.Debug|Any CPU.ActiveCfg = Debug|Any CPU
		{6A0E0C36-E796-4582-AB6D-F0219E477720}.Debug|Any CPU.Build.0 = Debug|Any CPU
		{6A0E0C36-E796-4582-AB6D-F0219E477720}.Release|Any CPU.ActiveCfg = Release|Any CPU
		{6A0E0C36-E796-4582-AB6D-F0219E477720}.Release|Any CPU.Build.0 = Release|Any CPU
		{74BD660D-60D4-41F1-978F-6DC90E19EBE0}.Debug|Any CPU.ActiveCfg = Debug|Any CPU
		{74BD660D-60D4-41F1-978F-6DC90E19EBE0}.Debug|Any CPU.Build.0 = Debug|Any CPU
		{74BD660D-60D4-41F1-978F-6DC90E19EBE0}.Release|Any CPU.ActiveCfg = Release|Any CPU
		{74BD660D-60D4-41F1-978F-6DC90E19EBE0}.Release|Any CPU.Build.0 = Release|Any CPU
		{BAD74DE1-4D83-44B8-821D-E29CAA3F28DD}.Debug|Any CPU.ActiveCfg = Debug|Any CPU
		{BAD74DE1-4D83-44B8-821D-E29CAA3F28DD}.Debug|Any CPU.Build.0 = Debug|Any CPU
		{BAD74DE1-4D83-44B8-821D-E29CAA3F28DD}.Release|Any CPU.ActiveCfg = Release|Any CPU
		{BAD74DE1-4D83-44B8-821D-E29CAA3F28DD}.Release|Any CPU.Build.0 = Release|Any CPU
		{7028D2E1-4381-41F3-99F1-B125E2B58E1F}.Debug|Any CPU.ActiveCfg = Debug|Any CPU
		{7028D2E1-4381-41F3-99F1-B125E2B58E1F}.Debug|Any CPU.Build.0 = Debug|Any CPU
		{7028D2E1-4381-41F3-99F1-B125E2B58E1F}.Release|Any CPU.ActiveCfg = Release|Any CPU
		{7028D2E1-4381-41F3-99F1-B125E2B58E1F}.Release|Any CPU.Build.0 = Release|Any CPU
	EndGlobalSection
	GlobalSection(SolutionProperties) = preSolution
		HideSolutionNode = FALSE
	EndGlobalSection
	GlobalSection(ExtensibilityGlobals) = postSolution
		SolutionGuid = {72ED4730-E164-4583-8C4A-78AEA34B05E9}
	EndGlobalSection
EndGlobal
